
Microsoft Visual Studio Solution File, Format Version 12.00
# Visual Studio Version 16
VisualStudioVersion = 16.0.31515.178
MinimumVisualStudioVersion = 10.0.40219.1
Project("{9A19103F-16F7-4668-BE54-9A1E7A4F7556}") = "ASC.xUnitTest", "ASC.xUnitTest\ASC.xUnitTest.csproj", "{0DEEDB20-8B19-4B85-9735-9638BDAE819C}"
EndProject
Project("{FAE04EC0-301F-11D3-BF4B-00C04F79EFBC}") = "ASC.Models", "ASC.Models\ASC.Models.csproj", "{E7776133-BF5F-4190-9021-49B5B2C89D66}"
EndProject
Project("{FAE04EC0-301F-11D3-BF4B-00C04F79EFBC}") = "ASC.Utilities", "ASC.Utilities\ASC.Utilities.csproj", "{692E5113-2985-48CB-9D2B-9A54D0C3AC04}"
EndProject
Project("{FAE04EC0-301F-11D3-BF4B-00C04F79EFBC}") = "ASC.DataAccess", "ASC.DataAccess\ASC.DataAccess.csproj", "{78D97EE4-13B2-449C-A610-C8420DBA0EA5}"
EndProject
Project("{FAE04EC0-301F-11D3-BF4B-00C04F79EFBC}") = "ASC.WebApp", "ASC.WebApp\ASC.WebApp.csproj", "{4E6DCA58-B174-4317-AAFF-71A30B17F60D}"
EndProject
Global
	GlobalSection(SolutionConfigurationPlatforms) = preSolution
		Debug|Any CPU = Debug|Any CPU
		Release|Any CPU = Release|Any CPU
	EndGlobalSection
	GlobalSection(ProjectConfigurationPlatforms) = postSolution
		{0DEEDB20-8B19-4B85-9735-9638BDAE819C}.Debug|Any CPU.ActiveCfg = Debug|Any CPU
		{0DEEDB20-8B19-4B85-9735-9638BDAE819C}.Debug|Any CPU.Build.0 = Debug|Any CPU
		{0DEEDB20-8B19-4B85-9735-9638BDAE819C}.Release|Any CPU.ActiveCfg = Release|Any CPU
		{0DEEDB20-8B19-4B85-9735-9638BDAE819C}.Release|Any CPU.Build.0 = Release|Any CPU
		{E7776133-BF5F-4190-9021-49B5B2C89D66}.Debug|Any CPU.ActiveCfg = Debug|Any CPU
		{E7776133-BF5F-4190-9021-49B5B2C89D66}.Debug|Any CPU.Build.0 = Debug|Any CPU
		{E7776133-BF5F-4190-9021-49B5B2C89D66}.Release|Any CPU.ActiveCfg = Release|Any CPU
		{E7776133-BF5F-4190-9021-49B5B2C89D66}.Release|Any CPU.Build.0 = Release|Any CPU
		{692E5113-2985-48CB-9D2B-9A54D0C3AC04}.Debug|Any CPU.ActiveCfg = Debug|Any CPU
		{692E5113-2985-48CB-9D2B-9A54D0C3AC04}.Debug|Any CPU.Build.0 = Debug|Any CPU
		{692E5113-2985-48CB-9D2B-9A54D0C3AC04}.Release|Any CPU.ActiveCfg = Release|Any CPU
		{692E5113-2985-48CB-9D2B-9A54D0C3AC04}.Release|Any CPU.Build.0 = Release|Any CPU
		{78D97EE4-13B2-449C-A610-C8420DBA0EA5}.Debug|Any CPU.ActiveCfg = Debug|Any CPU
		{78D97EE4-13B2-449C-A610-C8420DBA0EA5}.Debug|Any CPU.Build.0 = Debug|Any CPU
		{78D97EE4-13B2-449C-A610-C8420DBA0EA5}.Release|Any CPU.ActiveCfg = Release|Any CPU
		{78D97EE4-13B2-449C-A610-C8420DBA0EA5}.Release|Any CPU.Build.0 = Release|Any CPU
		{4E6DCA58-B174-4317-AAFF-71A30B17F60D}.Debug|Any CPU.ActiveCfg = Debug|Any CPU
		{4E6DCA58-B174-4317-AAFF-71A30B17F60D}.Debug|Any CPU.Build.0 = Debug|Any CPU
		{4E6DCA58-B174-4317-AAFF-71A30B17F60D}.Release|Any CPU.ActiveCfg = Release|Any CPU
		{4E6DCA58-B174-4317-AAFF-71A30B17F60D}.Release|Any CPU.Build.0 = Release|Any CPU
	EndGlobalSection
	GlobalSection(SolutionProperties) = preSolution
		HideSolutionNode = FALSE
	EndGlobalSection
	GlobalSection(ExtensibilityGlobals) = postSolution
		SolutionGuid = {62EAD3F2-1F43-4645-8010-FE66636646BA}
	EndGlobalSection
EndGlobal
